
Microsoft Visual Studio Solution File, Format Version 12.00
# Visual Studio Version 17
VisualStudioVersion = 17.8.34316.72
MinimumVisualStudioVersion = 10.0.40219.1
Project("{888888A0-9F3D-457C-B088-3A5042F75D52}") = "HealthTrainingApp", "HealthTrainingApp\HealthTrainingApp.pyproj", "{A05B2EBA-7A26-467F-A873-AB63D8720B81}"
EndProject
Global
	GlobalSection(SolutionConfigurationPlatforms) = preSolution
		Debug|Any CPU = Debug|Any CPU
		Release|Any CPU = Release|Any CPU
	EndGlobalSection
	GlobalSection(ProjectConfigurationPlatforms) = postSolution
		{A05B2EBA-7A26-467F-A873-AB63D8720B81}.Debug|Any CPU.ActiveCfg = Debug|Any CPU
		{A05B2EBA-7A26-467F-A873-AB63D8720B81}.Release|Any CPU.ActiveCfg = Release|Any CPU
	EndGlobalSection
	GlobalSection(SolutionProperties) = preSolution
		HideSolutionNode = FALSE
	EndGlobalSection
	GlobalSection(ExtensibilityGlobals) = postSolution
		SolutionGuid = {C75DA20E-2D1A-471C-8FB7-544E8A35FDA8}
	EndGlobalSection
EndGlobal
